Microsoft Visual Studio Solution File, Format Version 12.00
# Visual Studio Version 17
VisualStudioVersion = 17.13.35818.85
MinimumVisualStudioVersion = 10.0.40219.1
Project("{FAE04EC0-301F-11D3-BF4B-00C04F79EFBC}") = "AgeOfSharpKeys", "AgeOfSharpKeys\AgeOfSharpKeys.csproj", "{C552CEE8-D90D-4AFA-B111-127F6F875A45}"
EndProject
Project("{FAE04EC0-301F-11D3-BF4B-00C04F79EFBC}") = "AgeKeys", "AgeKeys\AgeKeys.csproj", "{5720B84D-345A-4968-BEC5-5DD463FAD118}"
EndProject
Project("{2150E333-8FDC-42A3-9474-1A3956D46DE8}") = "Solution Items", "Solution Items", "{8EC462FD-D22E-90A8-E5CE-7E832BA40C5D}"
	ProjectSection(SolutionItems) = preProject
		.editorconfig = .editorconfig
		IgnoredWords.dic = IgnoredWords.dic
		readme.md = readme.md
	EndProjectSection
EndProject
Global
	GlobalSection(SolutionConfigurationPlatforms) = preSolution
		Debug|Any CPU = Debug|Any CPU
		Release|Any CPU = Release|Any CPU
	EndGlobalSection
	GlobalSection(ProjectConfigurationPlatforms) = postSolution
		{C552CEE8-D90D-4AFA-B111-127F6F875A45}.Debug|Any CPU.ActiveCfg = Debug|Any CPU
		{C552CEE8-D90D-4AFA-B111-127F6F875A45}.Debug|Any CPU.Build.0 = Debug|Any CPU
		{C552CEE8-D90D-4AFA-B111-127F6F875A45}.Release|Any CPU.ActiveCfg = Release|Any CPU
		{C552CEE8-D90D-4AFA-B111-127F6F875A45}.Release|Any CPU.Build.0 = Release|Any CPU
		{5720B84D-345A-4968-BEC5-5DD463FAD118}.Debug|Any CPU.ActiveCfg = Debug|Any CPU
		{5720B84D-345A-4968-BEC5-5DD463FAD118}.Debug|Any CPU.Build.0 = Debug|Any CPU
		{5720B84D-345A-4968-BEC5-5DD463FAD118}.Release|Any CPU.ActiveCfg = Release|Any CPU
		{5720B84D-345A-4968-BEC5-5DD463FAD118}.Release|Any CPU.Build.0 = Release|Any CPU
	EndGlobalSection
	GlobalSection(SolutionProperties) = preSolution
		HideSolutionNode = FALSE
	EndGlobalSection
	GlobalSection(ExtensibilityGlobals) = postSolution
		SolutionGuid = {87ACB71B-05CF-4EFD-ACAF-E0CDD1224E62}
	EndGlobalSection
EndGlobal
